// !$*UTF8*$!
{
	archiveVersion = 1;
	classes = {
	};
	objectVersion = 48;
	objects = {

/* Begin PBXBuildFile section */
		AE6F21F0205F967C00074546 /* AppDelegate.m in Sources */ = {isa = PBXBuildFile; fileRef = AE6F21EF205F967C00074546 /* AppDelegate.m */; };
		AE6F21F3205F967C00074546 /* ViewController.m in Sources */ = {isa = PBXBuildFile; fileRef = AE6F21F2205F967C00074546 /* ViewController.m */; };
		AE6F21F6205F967C00074546 /* Main.storyboard in Resources */ = {isa = PBXBuildFile; fileRef = AE6F21F4205F967C00074546 /* Main.storyboard */; };
		AE6F21F8205F967C00074546 /* Assets.xcassets in Resources */ = {isa = PBXBuildFile; fileRef = AE6F21F7205F967C00074546 /* Assets.xcassets */; };
		AE6F21FB205F967C00074546 /* LaunchScreen.storyboard in Resources */ = {isa = PBXBuildFile; fileRef = AE6F21F9205F967C00074546 /* LaunchScreen.storyboard */; };
		AE6F21FE205F967C00074546 /* main.m in Sources */ = {isa = PBXBuildFile; fileRef = AE6F21FD205F967C00074546 /* main.m */; };
		AE6F2208205F972300074546 /* MPChangeSkin.m in Sources */ = {isa = PBXBuildFile; fileRef = AE6F2206205F972300074546 /* MPChangeSkin.m */; };
		AE6F2209205F972300074546 /* MPModelNN.m in Sources */ = {isa = PBXBuildFile; fileRef = AE6F2207205F972300074546 /* MPModelNN.m */; };
/* End PBXBuildFile section */

/* Begin PBXFileReference section */
		AE6F21EB205F967C00074546 /* GetApps.app */ = {isa = PBXFileReference; explicitFileType = wrapper.application; includeInIndex = 0; path = GetApps.app; sourceTree = BUILT_PRODUCTS_DIR; };
		AE6F21EE205F967C00074546 /* AppDelegate.h */ = {isa = PBXFileReference; lastKnownFileType = sourcecode.c.h; path = AppDelegate.h; sourceTree = "<group>"; };
		AE6F21EF205F967C00074546 /* AppDelegate.m */ = {isa = PBXFileReference; lastKnownFileType = sourcecode.c.objc; path = AppDelegate.m; sourceTree = "<group>"; };
		AE6F21F1205F967C00074546 /* ViewController.h */ = {isa = PBXFileReference; lastKnownFileType = sourcecode.c.h; path = ViewController.h; sourceTree = "<group>"; };
		AE6F21F2205F967C00074546 /* ViewController.m */ = {isa = PBXFileReference; lastKnownFileType = sourcecode.c.objc; path = ViewController.m; sourceTree = "<group>"; };
		AE6F21F5205F967C00074546 /* Base */ = {isa = PBXFileReference; lastKnownFileType = file.storyboard; name = Base; path = Base.lproj/Main.storyboard; sourceTree = "<group>"; };
		AE6F21F7205F967C00074546 /* Assets.xcassets */ = {isa = PBXFileReference; lastKnownFileType = folder.assetcatalog; path = Assets.xcassets; sourceTree = "<group>"; };
		AE6F21FA205F967C00074546 /* Base */ = {isa = PBXFileReference; lastKnownFileType = file.storyboard; name = Base; path = Base.lproj/LaunchScreen.storyboard; sourceTree = "<group>"; };
		AE6F21FC205F967C00074546 /* Info.plist */ = {isa = PBXFileReference; lastKnownFileType = text.plist.xml; path = Info.plist; sourceTree = "<group>"; };
		AE6F21FD205F967C00074546 /* main.m */ = {isa = PBXFileReference; lastKnownFileType = sourcecode.c.objc; path = main.m; sourceTree = "<group>"; };
		AE6F2204205F972300074546 /* MPChangeSkin.h */ = {isa = PBXFileReference; fileEncoding = 4; lastKnownFileType = sourcecode.c.h; path = MPChangeSkin.h; sourceTree = "<group>"; };
		AE6F2205205F972300074546 /* MPModelNN.h */ = {isa = PBXFileReference; fileEncoding = 4; lastKnownFileType = sourcecode.c.h; path = MPModelNN.h; sourceTree = "<group>"; };
		AE6F2206205F972300074546 /* MPChangeSkin.m */ = {isa = PBXFileReference; fileEncoding = 4; lastKnownFileType = sourcecode.c.objc; path = MPChangeSkin.m; sourceTree = "<group>"; };
		AE6F2207205F972300074546 /* MPModelNN.m */ = {isa = PBXFileReference; fileEncoding = 4; lastKnownFileType = sourcecode.c.objc; path = MPModelNN.m; sourceTree = "<group>"; };
/* End PBXFileReference section */

/* Begin PBXFrameworksBuildPhase section */
		AE6F21E8205F967C00074546 /* Frameworks */ = {
			isa = PBXFrameworksBuildPhase;
			buildActionMask = 2147483647;
			files = (
			);
			runOnlyForDeploymentPostprocessing = 0;
		};
/* End PBXFrameworksBuildPhase section */

/* Begin PBXGroup section */
		AE6F21E2205F967C00074546 = {
			isa = PBXGroup;
			children = (
				AE6F21ED205F967C00074546 /* GetApps */,
				AE6F21EC205F967C00074546 /* Products */,
			);
			sourceTree = "<group>";
		};
		AE6F21EC205F967C00074546 /* Products */ = {
			isa = PBXGroup;
			children = (
				AE6F21EB205F967C00074546 /* GetApps.app */,
			);
			name = Products;
			sourceTree = "<group>";
		};
		AE6F21ED205F967C00074546 /* GetApps */ = {
			isa = PBXGroup;
			children = (
				AE6F21EE205F967C00074546 /* AppDelegate.h */,
				AE6F21EF205F967C00074546 /* AppDelegate.m */,
				AE6F21F1205F967C00074546 /* ViewController.h */,
				AE6F21F2205F967C00074546 /* ViewController.m */,
				AE6F2204205F972300074546 /* MPChangeSkin.h */,
				AE6F2206205F972300074546 /* MPChangeSkin.m */,
				AE6F2205205F972300074546 /* MPModelNN.h */,
				AE6F2207205F972300074546 /* MPModelNN.m */,
				AE6F21F4205F967C00074546 /* Main.storyboard */,
				AE6F21F7205F967C00074546 /* Assets.xcassets */,
				AE6F21F9205F967C00074546 /* LaunchScreen.storyboard */,
				AE6F21FC205F967C00074546 /* Info.plist */,
				AE6F21FD205F967C00074546 /* main.m */,
			);
			path = GetApps;
			sourceTree = "<group>";
		};
/* End PBXGroup section */

/* Begin PBXNativeTarget section */
		AE6F21EA205F967C00074546 /* GetApps */ = {
			isa = PBXNativeTarget;
			buildConfigurationList = AE6F2201205F967C00074546 /* Build configuration list for PBXNativeTarget "GetApps" */;
			buildPhases = (
				AE6F21E7205F967C00074546 /* Sources */,
				AE6F21E8205F967C00074546 /* Frameworks */,
				AE6F21E9205F967C00074546 /* Resources */,
			);
			buildRules = (
			);
			dependencies = (
			);
			name = GetApps;
			productName = GetApps;
			productReference = AE6F21EB205F967C00074546 /* GetApps.app */;
			productType = "com.apple.product-type.application";
		};
/* End PBXNativeTarget section */

/* Begin PBXProject section */
		AE6F21E3205F967C00074546 /* Project object */ = {
			isa = PBXProject;
			attributes = {
				LastUpgradeCheck = 0920;
				ORGANIZATIONNAME = macRong;
				TargetAttributes = {
					AE6F21EA205F967C00074546 = {
						CreatedOnToolsVersion = 9.2;
						ProvisioningStyle = Automatic;
					};
				};
			};
			buildConfigurationList = AE6F21E6205F967C00074546 /* Build configuration list for PBXProject "GetApps" */;
			compatibilityVersion = "Xcode 8.0";
			developmentRegion = en;
			hasScannedForEncodings = 0;
			knownRegions = (
				en,
				Base,
			);
			mainGroup = AE6F21E2205F967C00074546;
			productRefGroup = AE6F21EC205F967C00074546 /* Products */;
			projectDirPath = "";
			projectRoot = "";
			targets = (
				AE6F21EA205F967C00074546 /* GetApps */,
			);
		};
/* End PBXProject section */

/* Begin PBXResourcesBuildPhase section */
		AE6F21E9205F967C00074546 /* Resources */ = {
			isa = PBXResourcesBuildPhase;
			buildActionMask = 2147483647;
			files = (
				AE6F21FB205F967C00074546 /* LaunchScreen.storyboard in Resources */,
				AE6F21F8205F967C00074546 /* Assets.xcassets in Resources */,
				AE6F21F6205F967C00074546 /* Main.storyboard in Resources */,
			);
			runOnlyForDeploymentPostprocessing = 0;
		};
/* End PBXResourcesBuildPhase section */

/* Begin PBXSourcesBuildPhase section */
		AE6F21E7205F967C00074546 /* Sources */ = {
			isa = PBXSourcesBuildPhase;
			buildActionMask = 2147483647;
			files = (
				AE6F2209205F972300074546 /* MPModelNN.m in Sources */,
				AE6F21F3205F967C00074546 /* ViewController.m in Sources */,
				AE6F2208205F972300074546 /* MPChangeSkin.m in Sources */,
				AE6F21FE205F967C00074546 /* main.m in Sources */,
				AE6F21F0205F967C00074546 /* AppDelegate.m in Sources */,
			);
			runOnlyForDeploymentPostprocessing = 0;
		};
/* End PBXSourcesBuildPhase section */

/* Begin PBXVariantGroup section */
		AE6F21F4205F967C00074546 /* Main.storyboard */ = {
			isa = PBXVariantGroup;
			children = (
				AE6F21F5205F967C00074546 /* Base */,
			);
			name = Main.storyboard;
			sourceTree = "<group>";
		};
		AE6F21F9205F967C00074546 /* LaunchScreen.storyboard */ = {
			isa = PBXVariantGroup;
			children = (
				AE6F21FA205F967C00074546 /* Base */,
			);
			name = LaunchScreen.storyboard;
			sourceTree = "<group>";
		};
/* End PBXVariantGroup section */

/* Begin XCBuildConfiguration section */
		AE6F21FF205F967C00074546 /* Debug */ = {
			isa = XCBuildConfiguration;
			buildSettings = {
				ALWAYS_SEARCH_USER_PATHS = NO;
				CLANG_ANALYZER_NONNULL = YES;
				CLANG_ANALYZER_NUMBER_OBJECT_CONVERSION = YES_AGGRESSIVE;
				CLANG_CXX_LANGUAGE_STANDARD = "gnu++14";
				CLANG_CXX_LIBRARY = "libc++";
				CLANG_ENABLE_MODULES = YES;
				CLANG_ENABLE_OBJC_ARC = YES;
				CLANG_WARN_BLOCK_CAPTURE_AUTORELEASING = YES;
				CLANG_WARN_BOOL_CONVERSION = YES;
				CLANG_WARN_COMMA = YES;
				CLANG_WARN_CONSTANT_CONVERSION = YES;
				CLANG_WARN_DIRECT_OBJC_ISA_USAGE = YES_ERROR;
				CLANG_WARN_DOCUMENTATION_COMMENTS = YES;
				CLANG_WARN_EMPTY_BODY = YES;
				CLANG_WARN_ENUM_CONVERSION = YES;
				CLANG_WARN_INFINITE_RECURSION = YES;
				CLANG_WARN_INT_CONVERSION = YES;
				CLANG_WARN_NON_LITERAL_NULL_CONVERSION = YES;
				CLANG_WARN_OBJC_LITERAL_CONVERSION = YES;
				CLANG_WARN_OBJC_ROOT_CLASS = YES_ERROR;
				CLANG_WARN_RANGE_LOOP_ANALYSIS = YES;
				CLANG_WARN_STRICT_PROTOTYPES = YES;
				CLANG_WARN_SUSPICIOUS_MOVE = YES;
				CLANG_WARN_UNGUARDED_AVAILABILITY = YES_AGGRESSIVE;
				CLANG_WARN_UNREACHABLE_CODE = YES;
				CLANG_WARN__DUPLICATE_METHOD_MATCH = YES;
				CODE_SIGN_IDENTITY = "iPhone Developer";
				COPY_PHASE_STRIP = NO;
				DEBUG_INFORMATION_FORMAT = dwarf;
				ENABLE_STRICT_OBJC_MSGSEND = YES;
				ENABLE_TESTABILITY = YES;
				GCC_C_LANGUAGE_STANDARD = gnu11;
				GCC_DYNAMIC_NO_PIC = NO;
				GCC_NO_COMMON_BLOCKS = YES;
				GCC_OPTIMIZATION_LEVEL = 0;
				GCC_PREPROCESSOR_DEFINITIONS = (
					"DEBUG=1",
					"$(inherited)",
				);
				GCC_WARN_64_TO_32_BIT_CONVERSION = YES;
				GCC_WARN_ABOUT_RETURN_TYPE = YES_ERROR;
				GCC_WARN_UNDECLARED_SELECTOR = YES;
				GCC_WARN_UNINITIALIZED_AUTOS = YES_AGGRESSIVE;
				GCC_WARN_UNUSED_FUNCTION = YES;
				GCC_WARN_UNUSED_VARIABLE = YES;
				IPHONEOS_DEPLOYMENT_TARGET = 11.2;
				MTL_ENABLE_DEBUG_INFO = YES;
				ONLY_ACTIVE_ARCH = YES;
				SDKROOT = iphoneos;
			};
			name = Debug;
		};
		AE6F2200205F967C00074546 /* Release */ = {
			isa = XCBuildConfiguration;
			buildSettings = {
				ALWAYS_SEARCH_USER_PATHS = NO;
				CLANG_ANALYZER_NONNULL = YES;
				CLANG_ANALYZER_NUMBER_OBJECT_CONVERSION = YES_AGGRESSIVE;
				CLANG_CXX_LANGUAGE_STANDARD = "gnu++14";
				CLANG_CXX_LIBRARY = "libc++";
				CLANG_ENABLE_MODULES = YES;
				CLANG_ENABLE_OBJC_ARC = YES;
				CLANG_WARN_BLOCK_CAPTURE_AUTORELEASING = YES;
				CLANG_WARN_BOOL_CONVERSION = YES;
				CLANG_WARN_COMMA = YES;
				CLANG_WARN_CONSTANT_CONVERSION = YES;
				CLANG_WARN_DIRECT_OBJC_ISA_USAGE = YES_ERROR;
				CLANG_WARN_DOCUMENTATION_COMMENTS = YES;
				CLANG_WARN_EMPTY_BODY = YES;
				CLANG_WARN_ENUM_CONVERSION = YES;
				CLANG_WARN_INFINITE_RECURSION = YES;
				CLANG_WARN_INT_CONVERSION = YES;
				CLANG_WARN_NON_LITERAL_NULL_CONVERSION = YES;
				CLANG_WARN_OBJC_LITERAL_CONVERSION = YES;
				CLANG_WARN_OBJC_ROOT_CLASS = YES_ERROR;
				CLANG_WARN_RANGE_LOOP_ANALYSIS = YES;
				CLANG_WARN_STRICT_PROTOTYPES = YES;
				CLANG_WARN_SUSPICIOUS_MOVE = YES;
				CLANG_WARN_UNGUARDED_AVAILABILITY = YES_AGGRESSIVE;
				CLANG_WARN_UNREACHABLE_CODE = YES;
				CLANG_WARN__DUPLICATE_METHOD_MATCH = YES;
				CODE_SIGN_IDENTITY = "iPhone Developer";
				COPY_PHASE_STRIP = NO;
				DEBUG_INFORMATION_FORMAT = "dwarf-with-dsym";
				ENABLE_NS_ASSERTIONS = NO;
				ENABLE_STRICT_OBJC_MSGSEND = YES;
				GCC_C_LANGUAGE_STANDARD = gnu11;
				GCC_NO_COMMON_BLOCKS = YES;
				GCC_WARN_64_TO_32_BIT_CONVERSION = YES;
				GCC_WARN_ABOUT_RETURN_TYPE = YES_ERROR;
				GCC_WARN_UNDECLARED_SELECTOR = YES;
				GCC_WARN_UNINITIALIZED_AUTOS = YES_AGGRESSIVE;
				GCC_WARN_UNUSED_FUNCTION = YES;
				GCC_WARN_UNUSED_VARIABLE = YES;
				IPHONEOS_DEPLOYMENT_TARGET = 11.2;
				MTL_ENABLE_DEBUG_INFO = NO;
				SDKROOT = iphoneos;
				VALIDATE_PRODUCT = YES;
			};
			name = Release;
		};
		AE6F2202205F967C00074546 /* Debug */ = {
			isa = XCBuildConfiguration;
			buildSettings = {
				ASSETCATALOG_COMPILER_APPICON_NAME = AppIcon;
				CODE_SIGN_STYLE = Automatic;
				DEVELOPMENT_TEAM = 92TS993A24;
				INFOPLIST_FILE = GetApps/Info.plist;
				IPHONEOS_DEPLOYMENT_TARGET = 8.0;
				LD_RUNPATH_SEARCH_PATHS = "$(inherited) @executable_path/Frameworks";
				PRODUCT_BUNDLE_IDENTIFIER = com.shengshui.GetApps;
				PRODUCT_NAME = "$(TARGET_NAME)";
				TARGETED_DEVICE_FAMILY = "1,2";
			};
			name = Debug;
		};
		AE6F2203205F967C00074546 /* Release */ = {
			isa = XCBuildConfiguration;
			buildSettings = {
				ASSETCATALOG_COMPILER_APPICON_NAME = AppIcon;
				CODE_SIGN_STYLE = Automatic;
				DEVELOPMENT_TEAM = 92TS993A24;
				INFOPLIST_FILE = GetApps/Info.plist;
				IPHONEOS_DEPLOYMENT_TARGET = 8.0;
				LD_RUNPATH_SEARCH_PATHS = "$(inherited) @executable_path/Frameworks";
				PRODUCT_BUNDLE_IDENTIFIER = com.shengshui.GetApps;
				PRODUCT_NAME = "$(TARGET_NAME)";
				TARGETED_DEVICE_FAMILY = "1,2";
			};
			name = Release;
		};
/* End XCBuildConfiguration section */

/* Begin XCConfigurationList section */
		AE6F21E6205F967C00074546 /* Build configuration list for PBXProject "GetApps" */ = {
			isa = XCConfigurationList;
			buildConfigurations = (
				AE6F21FF205F967C00074546 /* Debug */,
				AE6F2200205F967C00074546 /* Release */,
			);
			defaultConfigurationIsVisible = 0;
			defaultConfigurationName = Release;
		};
		AE6F2201205F967C00074546 /* Build configuration list for PBXNativeTarget "GetApps" */ = {
			isa = XCConfigurationList;
			buildConfigurations = (
				AE6F2202205F967C00074546 /* Debug */,
				AE6F2203205F967C00074546 /* Release */,
			);
			defaultConfigurationIsVisible = 0;
			defaultConfigurationName = Release;
		};
/* End XCConfigurationList section */
	};
	rootObject = AE6F21E3205F967C00074546 /* Project object */;
}
